
Microsoft Visual Studio Solution File, Format Version 12.00
# Visual Studio Version 17
VisualStudioVersion = 17.0.32112.339
MinimumVisualStudioVersion = 10.0.40219.1
Project("{9A19103F-16F7-4668-BE54-9A1E7A4F7556}") = "AwesomeGamingRacing", "AwesomeGamingRacing\AwesomeGamingRacing.csproj", "{42402916-C510-4AFE-ADFC-4880324F953F}"
EndProject
Project("{2150E333-8FDC-42A3-9474-1A3956D46DE8}") = "Solution Items", "Solution Items", "{A0C90C4C-F3B1-4D7E-A2C9-50B12D791307}"
	ProjectSection(SolutionItems) = preProject
		.editorconfig = .editorconfig
		.gitignore = .gitignore
	EndProjectSection
EndProject
Global
	GlobalSection(SolutionConfigurationPlatforms) = preSolution
		Debug|Any CPU = Debug|Any CPU
		Release|Any CPU = Release|Any CPU
	EndGlobalSection
	GlobalSection(ProjectConfigurationPlatforms) = postSolution
		{42402916-C510-4AFE-ADFC-4880324F953F}.Debug|Any CPU.ActiveCfg = Debug|Any CPU
		{42402916-C510-4AFE-ADFC-4880324F953F}.Debug|Any CPU.Build.0 = Debug|Any CPU
		{42402916-C510-4AFE-ADFC-4880324F953F}.Release|Any CPU.ActiveCfg = Release|Any CPU
		{42402916-C510-4AFE-ADFC-4880324F953F}.Release|Any CPU.Build.0 = Release|Any CPU
	EndGlobalSection
	GlobalSection(SolutionProperties) = preSolution
		HideSolutionNode = FALSE
	EndGlobalSection
	GlobalSection(ExtensibilityGlobals) = postSolution
		SolutionGuid = {F6B0C2FF-94CE-43F6-A285-1F66F8398584}
	EndGlobalSection
EndGlobal
